
Microsoft Visual Studio Solution File, Format Version 12.00
# Visual Studio 15
VisualStudioVersion = 15.0.26730.12
MinimumVisualStudioVersion = 10.0.40219.1
Project("{FAE04EC0-301F-11D3-BF4B-00C04F79EFBC}") = "MVCSeminar", "MVCSeminar\MVCSeminar.csproj", "{1A7F378A-B208-465B-92F7-64212CE1CEF9}"
EndProject
Project("{FAE04EC0-301F-11D3-BF4B-00C04F79EFBC}") = "MVCSeminar.Tests", "MVCSeminar.Tests\MVCSeminar.Tests.csproj", "{C2102929-B2D7-4F20-9291-6C873C4D8C82}"
EndProject
Global
	GlobalSection(SolutionConfigurationPlatforms) = preSolution
		Debug|Any CPU = Debug|Any CPU
		Release|Any CPU = Release|Any CPU
	EndGlobalSection
	GlobalSection(ProjectConfigurationPlatforms) = postSolution
		{1A7F378A-B208-465B-92F7-64212CE1CEF9}.Debug|Any CPU.ActiveCfg = Debug|Any CPU
		{1A7F378A-B208-465B-92F7-64212CE1CEF9}.Debug|Any CPU.Build.0 = Debug|Any CPU
		{1A7F378A-B208-465B-92F7-64212CE1CEF9}.Release|Any CPU.ActiveCfg = Release|Any CPU
		{1A7F378A-B208-465B-92F7-64212CE1CEF9}.Release|Any CPU.Build.0 = Release|Any CPU
		{C2102929-B2D7-4F20-9291-6C873C4D8C82}.Debug|Any CPU.ActiveCfg = Debug|Any CPU
		{C2102929-B2D7-4F20-9291-6C873C4D8C82}.Debug|Any CPU.Build.0 = Debug|Any CPU
		{C2102929-B2D7-4F20-9291-6C873C4D8C82}.Release|Any CPU.ActiveCfg = Release|Any CPU
		{C2102929-B2D7-4F20-9291-6C873C4D8C82}.Release|Any CPU.Build.0 = Release|Any CPU
	EndGlobalSection
	GlobalSection(SolutionProperties) = preSolution
		HideSolutionNode = FALSE
	EndGlobalSection
	GlobalSection(ExtensibilityGlobals) = postSolution
		SolutionGuid = {C34FEAE2-57EC-44D1-BA73-268D6596896B}
	EndGlobalSection
EndGlobal
